
Microsoft Visual Studio Solution File, Format Version 12.00
# Visual Studio Version 17
VisualStudioVersion = 17.0.32112.339
MinimumVisualStudioVersion = 10.0.40219.1
Project("{9A19103F-16F7-4668-BE54-9A1E7A4F7556}") = "Flyweight", "UML-6\Flyweight.csproj", "{CE3BE740-62B9-4B57-B96E-EB4DBD2F24CC}"
EndProject
Project("{9A19103F-16F7-4668-BE54-9A1E7A4F7556}") = "Proxy", "Proxy\Proxy.csproj", "{121E4D07-1DE7-4EB5-A25E-15D885CF4A50}"
EndProject
Project("{FAE04EC0-301F-11D3-BF4B-00C04F79EFBC}") = "CoR", "CoR\CoR.csproj", "{50207513-FF76-4CE0-86A4-17A2762AB6F1}"
EndProject
Global
	GlobalSection(SolutionConfigurationPlatforms) = preSolution
		Debug|Any CPU = Debug|Any CPU
		Release|Any CPU = Release|Any CPU
	EndGlobalSection
	GlobalSection(ProjectConfigurationPlatforms) = postSolution
		{CE3BE740-62B9-4B57-B96E-EB4DBD2F24CC}.Debug|Any CPU.ActiveCfg = Debug|Any CPU
		{CE3BE740-62B9-4B57-B96E-EB4DBD2F24CC}.Debug|Any CPU.Build.0 = Debug|Any CPU
		{CE3BE740-62B9-4B57-B96E-EB4DBD2F24CC}.Release|Any CPU.ActiveCfg = Release|Any CPU
		{CE3BE740-62B9-4B57-B96E-EB4DBD2F24CC}.Release|Any CPU.Build.0 = Release|Any CPU
		{121E4D07-1DE7-4EB5-A25E-15D885CF4A50}.Debug|Any CPU.ActiveCfg = Debug|Any CPU
		{121E4D07-1DE7-4EB5-A25E-15D885CF4A50}.Debug|Any CPU.Build.0 = Debug|Any CPU
		{121E4D07-1DE7-4EB5-A25E-15D885CF4A50}.Release|Any CPU.ActiveCfg = Release|Any CPU
		{121E4D07-1DE7-4EB5-A25E-15D885CF4A50}.Release|Any CPU.Build.0 = Release|Any CPU
		{50207513-FF76-4CE0-86A4-17A2762AB6F1}.Debug|Any CPU.ActiveCfg = Debug|Any CPU
		{50207513-FF76-4CE0-86A4-17A2762AB6F1}.Debug|Any CPU.Build.0 = Debug|Any CPU
		{50207513-FF76-4CE0-86A4-17A2762AB6F1}.Release|Any CPU.ActiveCfg = Release|Any CPU
		{50207513-FF76-4CE0-86A4-17A2762AB6F1}.Release|Any CPU.Build.0 = Release|Any CPU
	EndGlobalSection
	GlobalSection(SolutionProperties) = preSolution
		HideSolutionNode = FALSE
	EndGlobalSection
	GlobalSection(ExtensibilityGlobals) = postSolution
		SolutionGuid = {5DF7FF76-623B-423E-947D-61DEF43B1B4B}
	EndGlobalSection
EndGlobal
